
Microsoft Visual Studio Solution File, Format Version 12.00
# Visual Studio Version 17
VisualStudioVersion = 17.13.35828.75
MinimumVisualStudioVersion = 10.0.40219.1
Project("{FAE04EC0-301F-11D3-BF4B-00C04F79EFBC}") = "MQBroker", "MQBroker\MQBroker.csproj", "{D6190AE9-5D7B-468B-9438-A8F2CD565790}"
EndProject
Project("{FAE04EC0-301F-11D3-BF4B-00C04F79EFBC}") = "MQClient", "MQClient\MQClient.csproj", "{165D7CE2-7848-404A-B2B9-E78F7A23EC8B}"
EndProject
Project("{FAE04EC0-301F-11D3-BF4B-00C04F79EFBC}") = "MessageQueueGUI", "MessageQueueGUI\MessageQueueGUI.csproj", "{7FC9CE99-8C28-4A1D-9A5B-6216E19254EE}"
EndProject
Project("{2150E333-8FDC-42A3-9474-1A3956D46DE8}") = "Elementos de la solución", "Elementos de la solución", "{D107F4C8-89CC-BEA8-D3D7-CA6B7733353D}"
	ProjectSection(SolutionItems) = preProject
		Data\data.json = Data\data.json
	EndProjectSection
EndProject
Global
	GlobalSection(SolutionConfigurationPlatforms) = preSolution
		Debug|Any CPU = Debug|Any CPU
		Release|Any CPU = Release|Any CPU
	EndGlobalSection
	GlobalSection(ProjectConfigurationPlatforms) = postSolution
		{D6190AE9-5D7B-468B-9438-A8F2CD565790}.Debug|Any CPU.ActiveCfg = Debug|Any CPU
		{D6190AE9-5D7B-468B-9438-A8F2CD565790}.Debug|Any CPU.Build.0 = Debug|Any CPU
		{D6190AE9-5D7B-468B-9438-A8F2CD565790}.Release|Any CPU.ActiveCfg = Release|Any CPU
		{D6190AE9-5D7B-468B-9438-A8F2CD565790}.Release|Any CPU.Build.0 = Release|Any CPU
		{165D7CE2-7848-404A-B2B9-E78F7A23EC8B}.Debug|Any CPU.ActiveCfg = Debug|Any CPU
		{165D7CE2-7848-404A-B2B9-E78F7A23EC8B}.Debug|Any CPU.Build.0 = Debug|Any CPU
		{165D7CE2-7848-404A-B2B9-E78F7A23EC8B}.Release|Any CPU.ActiveCfg = Release|Any CPU
		{165D7CE2-7848-404A-B2B9-E78F7A23EC8B}.Release|Any CPU.Build.0 = Release|Any CPU
		{7FC9CE99-8C28-4A1D-9A5B-6216E19254EE}.Debug|Any CPU.ActiveCfg = Debug|Any CPU
		{7FC9CE99-8C28-4A1D-9A5B-6216E19254EE}.Debug|Any CPU.Build.0 = Debug|Any CPU
		{7FC9CE99-8C28-4A1D-9A5B-6216E19254EE}.Release|Any CPU.ActiveCfg = Release|Any CPU
		{7FC9CE99-8C28-4A1D-9A5B-6216E19254EE}.Release|Any CPU.Build.0 = Release|Any CPU
	EndGlobalSection
	GlobalSection(SolutionProperties) = preSolution
		HideSolutionNode = FALSE
	EndGlobalSection
	GlobalSection(ExtensibilityGlobals) = postSolution
		SolutionGuid = {3DA3E523-80E9-4CE0-A861-FE7B0EF193FA}
	EndGlobalSection
EndGlobal
